
Microsoft Visual Studio Solution File, Format Version 12.00
# Visual Studio Version 16
VisualStudioVersion = 16.0.30611.23
MinimumVisualStudioVersion = 10.0.40219.1
Project("{9A19103F-16F7-4668-BE54-9A1E7A4F7556}") = "BeetleX.WebFamily", "BeetleX.WebFamily\BeetleX.WebFamily.csproj", "{F51F8670-26E1-4BEE-9F05-87B0A1A02E9C}"
EndProject
Global
	GlobalSection(SolutionConfigurationPlatforms) = preSolution
		Debug|Any CPU = Debug|Any CPU
		Release|Any CPU = Release|Any CPU
	EndGlobalSection
	GlobalSection(ProjectConfigurationPlatforms) = postSolution
		{F51F8670-26E1-4BEE-9F05-87B0A1A02E9C}.Debug|Any CPU.ActiveCfg = Debug|Any CPU
		{F51F8670-26E1-4BEE-9F05-87B0A1A02E9C}.Debug|Any CPU.Build.0 = Debug|Any CPU
		{F51F8670-26E1-4BEE-9F05-87B0A1A02E9C}.Release|Any CPU.ActiveCfg = Release|Any CPU
		{F51F8670-26E1-4BEE-9F05-87B0A1A02E9C}.Release|Any CPU.Build.0 = Release|Any CPU
	EndGlobalSection
	GlobalSection(SolutionProperties) = preSolution
		HideSolutionNode = FALSE
	EndGlobalSection
	GlobalSection(ExtensibilityGlobals) = postSolution
		SolutionGuid = {25C9F8A7-DCAC-4CEC-BA8A-E07146372B38}
	EndGlobalSection
EndGlobal
